
Microsoft Visual Studio Solution File, Format Version 12.00
# Visual Studio Version 16
VisualStudioVersion = 16.0.30011.22
MinimumVisualStudioVersion = 10.0.40219.1
Project("{9A19103F-16F7-4668-BE54-9A1E7A4F7556}") = "Shirt", "Shirt\Shirt.csproj", "{8F3C693F-91F8-4942-8186-17E186FA9ADA}"
EndProject
Project("{FAE04EC0-301F-11D3-BF4B-00C04F79EFBC}") = "Services", "Services\Services.csproj", "{8878CC96-B5DC-48A8-8B16-87E4F00068D1}"
EndProject
Project("{FAE04EC0-301F-11D3-BF4B-00C04F79EFBC}") = "Utils", "Utils\Utils.csproj", "{5328C553-B21C-4E89-9576-13D962379CCA}"
EndProject
Project("{FAE04EC0-301F-11D3-BF4B-00C04F79EFBC}") = "Domain", "Domain\Domain.csproj", "{7C272D4B-66F0-470D-A7CC-7CCC3D1AA47E}"
EndProject
Project("{FAE04EC0-301F-11D3-BF4B-00C04F79EFBC}") = "Storage", "Storage\Storage.csproj", "{F5DDB273-1E96-439F-B3FE-479E2D2FC21F}"
EndProject
Global
	GlobalSection(SolutionConfigurationPlatforms) = preSolution
		Debug|Any CPU = Debug|Any CPU
		Release|Any CPU = Release|Any CPU
	EndGlobalSection
	GlobalSection(ProjectConfigurationPlatforms) = postSolution
		{8F3C693F-91F8-4942-8186-17E186FA9ADA}.Debug|Any CPU.ActiveCfg = Debug|Any CPU
		{8F3C693F-91F8-4942-8186-17E186FA9ADA}.Debug|Any CPU.Build.0 = Debug|Any CPU
		{8F3C693F-91F8-4942-8186-17E186FA9ADA}.Release|Any CPU.ActiveCfg = Release|Any CPU
		{8F3C693F-91F8-4942-8186-17E186FA9ADA}.Release|Any CPU.Build.0 = Release|Any CPU
		{8878CC96-B5DC-48A8-8B16-87E4F00068D1}.Debug|Any CPU.ActiveCfg = Debug|Any CPU
		{8878CC96-B5DC-48A8-8B16-87E4F00068D1}.Debug|Any CPU.Build.0 = Debug|Any CPU
		{8878CC96-B5DC-48A8-8B16-87E4F00068D1}.Release|Any CPU.ActiveCfg = Release|Any CPU
		{8878CC96-B5DC-48A8-8B16-87E4F00068D1}.Release|Any CPU.Build.0 = Release|Any CPU
		{5328C553-B21C-4E89-9576-13D962379CCA}.Debug|Any CPU.ActiveCfg = Debug|Any CPU
		{5328C553-B21C-4E89-9576-13D962379CCA}.Debug|Any CPU.Build.0 = Debug|Any CPU
		{5328C553-B21C-4E89-9576-13D962379CCA}.Release|Any CPU.ActiveCfg = Release|Any CPU
		{5328C553-B21C-4E89-9576-13D962379CCA}.Release|Any CPU.Build.0 = Release|Any CPU
		{7C272D4B-66F0-470D-A7CC-7CCC3D1AA47E}.Debug|Any CPU.ActiveCfg = Debug|Any CPU
		{7C272D4B-66F0-470D-A7CC-7CCC3D1AA47E}.Debug|Any CPU.Build.0 = Debug|Any CPU
		{7C272D4B-66F0-470D-A7CC-7CCC3D1AA47E}.Release|Any CPU.ActiveCfg = Release|Any CPU
		{7C272D4B-66F0-470D-A7CC-7CCC3D1AA47E}.Release|Any CPU.Build.0 = Release|Any CPU
		{F5DDB273-1E96-439F-B3FE-479E2D2FC21F}.Debug|Any CPU.ActiveCfg = Debug|Any CPU
		{F5DDB273-1E96-439F-B3FE-479E2D2FC21F}.Debug|Any CPU.Build.0 = Debug|Any CPU
		{F5DDB273-1E96-439F-B3FE-479E2D2FC21F}.Release|Any CPU.ActiveCfg = Release|Any CPU
		{F5DDB273-1E96-439F-B3FE-479E2D2FC21F}.Release|Any CPU.Build.0 = Release|Any CPU
	EndGlobalSection
	GlobalSection(SolutionProperties) = preSolution
		HideSolutionNode = FALSE
	EndGlobalSection
	GlobalSection(ExtensibilityGlobals) = postSolution
		SolutionGuid = {68E5C9D2-C076-4055-A11E-0DE86DEAF7C3}
	EndGlobalSection
EndGlobal
